// !$*UTF8*$!
{
	archiveVersion = 1;
	classes = {
	};
	objectVersion = 50;
	objects = {

/* Begin PBXBuildFile section */
		75863D20255852AD003E19FA /* AppDelegate.swift in Sources */ = {isa = PBXBuildFile; fileRef = 75863D1F255852AD003E19FA /* AppDelegate.swift */; };
		75863D22255852AD003E19FA /* SceneDelegate.swift in Sources */ = {isa = PBXBuildFile; fileRef = 75863D21255852AD003E19FA /* SceneDelegate.swift */; };
		75863D24255852AD003E19FA /* ViewController.swift in Sources */ = {isa = PBXBuildFile; fileRef = 75863D23255852AD003E19FA /* ViewController.swift */; };
		75863D27255852AD003E19FA /* Main.storyboard in Resources */ = {isa = PBXBuildFile; fileRef = 75863D25255852AD003E19FA /* Main.storyboard */; };
		75863D29255852AE003E19FA /* Assets.xcassets in Resources */ = {isa = PBXBuildFile; fileRef = 75863D28255852AE003E19FA /* Assets.xcassets */; };
		75863D2C255852AE003E19FA /* LaunchScreen.storyboard in Resources */ = {isa = PBXBuildFile; fileRef = 75863D2A255852AE003E19FA /* LaunchScreen.storyboard */; };
		75863D37255852AE003E19FA /* CalendarexampleTests.swift in Sources */ = {isa = PBXBuildFile; fileRef = 75863D36255852AE003E19FA /* CalendarexampleTests.swift */; };
		75863D42255852AE003E19FA /* CalendarexampleUITests.swift in Sources */ = {isa = PBXBuildFile; fileRef = 75863D41255852AE003E19FA /* CalendarexampleUITests.swift */; };
/* End PBXBuildFile section */

/* Begin PBXContainerItemProxy section */
		75863D33255852AE003E19FA /* PBXContainerItemProxy */ = {
			isa = PBXContainerItemProxy;
			containerPortal = 75863D14255852AD003E19FA /* Project object */;
			proxyType = 1;
			remoteGlobalIDString = 75863D1B255852AD003E19FA;
			remoteInfo = Calendarexample;
		};
		75863D3E255852AE003E19FA /* PBXContainerItemProxy */ = {
			isa = PBXContainerItemProxy;
			containerPortal = 75863D14255852AD003E19FA /* Project object */;
			proxyType = 1;
			remoteGlobalIDString = 75863D1B255852AD003E19FA;
			remoteInfo = Calendarexample;
		};
/* End PBXContainerItemProxy section */

/* Begin PBXFileReference section */
		75863D1C255852AD003E19FA /* Calendarexample.app */ = {isa = PBXFileReference; explicitFileType = wrapper.application; includeInIndex = 0; path = Calendarexample.app; sourceTree = BUILT_PRODUCTS_DIR; };
		75863D1F255852AD003E19FA /* AppDelegate.swift */ = {isa = PBXFileReference; lastKnownFileType = sourcecode.swift; path = AppDelegate.swift; sourceTree = "<group>"; };
		75863D21255852AD003E19FA /* SceneDelegate.swift */ = {isa = PBXFileReference; lastKnownFileType = sourcecode.swift; path = SceneDelegate.swift; sourceTree = "<group>"; };
		75863D23255852AD003E19FA /* ViewController.swift */ = {isa = PBXFileReference; lastKnownFileType = sourcecode.swift; path = ViewController.swift; sourceTree = "<group>"; };
		75863D26255852AD003E19FA /* Base */ = {isa = PBXFileReference; lastKnownFileType = file.storyboard; name = Base; path = Base.lproj/Main.storyboard; sourceTree = "<group>"; };
		75863D28255852AE003E19FA /* Assets.xcassets */ = {isa = PBXFileReference; lastKnownFileType = folder.assetcatalog; path = Assets.xcassets; sourceTree = "<group>"; };
		75863D2B255852AE003E19FA /* Base */ = {isa = PBXFileReference; lastKnownFileType = file.storyboard; name = Base; path = Base.lproj/LaunchScreen.storyboard; sourceTree = "<group>"; };
		75863D2D255852AE003E19FA /* Info.plist */ = {isa = PBXFileReference; lastKnownFileType = text.plist.xml; path = Info.plist; sourceTree = "<group>"; };
		75863D32255852AE003E19FA /* CalendarexampleTests.xctest */ = {isa = PBXFileReference; explicitFileType = wrapper.cfbundle; includeInIndex = 0; path = CalendarexampleTests.xctest; sourceTree = BUILT_PRODUCTS_DIR; };
		75863D36255852AE003E19FA /* CalendarexampleTests.swift */ = {isa = PBXFileReference; lastKnownFileType = sourcecode.swift; path = CalendarexampleTests.swift; sourceTree = "<group>"; };
		75863D38255852AE003E19FA /* Info.plist */ = {isa = PBXFileReference; lastKnownFileType = text.plist.xml; path = Info.plist; sourceTree = "<group>"; };
		75863D3D255852AE003E19FA /* CalendarexampleUITests.xctest */ = {isa = PBXFileReference; explicitFileType = wrapper.cfbundle; includeInIndex = 0; path = CalendarexampleUITests.xctest; sourceTree = BUILT_PRODUCTS_DIR; };
		75863D41255852AE003E19FA /* CalendarexampleUITests.swift */ = {isa = PBXFileReference; lastKnownFileType = sourcecode.swift; path = CalendarexampleUITests.swift; sourceTree = "<group>"; };
		75863D43255852AF003E19FA /* Info.plist */ = {isa = PBXFileReference; lastKnownFileType = text.plist.xml; path = Info.plist; sourceTree = "<group>"; };
/* End PBXFileReference section */

/* Begin PBXFrameworksBuildPhase section */
		75863D19255852AD003E19FA /* Frameworks */ = {
			isa = PBXFrameworksBuildPhase;
			buildActionMask = 2147483647;
			files = (
			);
			runOnlyForDeploymentPostprocessing = 0;
		};
		75863D2F255852AE003E19FA /* Frameworks */ = {
			isa = PBXFrameworksBuildPhase;
			buildActionMask = 2147483647;
			files = (
			);
			runOnlyForDeploymentPostprocessing = 0;
		};
		75863D3A255852AE003E19FA /* Frameworks */ = {
			isa = PBXFrameworksBuildPhase;
			buildActionMask = 2147483647;
			files = (
			);
			runOnlyForDeploymentPostprocessing = 0;
		};
/* End PBXFrameworksBuildPhase section */

/* Begin PBXGroup section */
		75863D13255852AD003E19FA = {
			isa = PBXGroup;
			children = (
				75863D1E255852AD003E19FA /* Calendarexample */,
				75863D35255852AE003E19FA /* CalendarexampleTests */,
				75863D40255852AE003E19FA /* CalendarexampleUITests */,
				75863D1D255852AD003E19FA /* Products */,
			);
			sourceTree = "<group>";
		};
		75863D1D255852AD003E19FA /* Products */ = {
			isa = PBXGroup;
			children = (
				75863D1C255852AD003E19FA /* Calendarexample.app */,
				75863D32255852AE003E19FA /* CalendarexampleTests.xctest */,
				75863D3D255852AE003E19FA /* CalendarexampleUITests.xctest */,
			);
			name = Products;
			sourceTree = "<group>";
		};
		75863D1E255852AD003E19FA /* Calendarexample */ = {
			isa = PBXGroup;
			children = (
				75863D1F255852AD003E19FA /* AppDelegate.swift */,
				75863D21255852AD003E19FA /* SceneDelegate.swift */,
				75863D23255852AD003E19FA /* ViewController.swift */,
				75863D25255852AD003E19FA /* Main.storyboard */,
				75863D28255852AE003E19FA /* Assets.xcassets */,
				75863D2A255852AE003E19FA /* LaunchScreen.storyboard */,
				75863D2D255852AE003E19FA /* Info.plist */,
			);
			path = Calendarexample;
			sourceTree = "<group>";
		};
		75863D35255852AE003E19FA /* CalendarexampleTests */ = {
			isa = PBXGroup;
			children = (
				75863D36255852AE003E19FA /* CalendarexampleTests.swift */,
				75863D38255852AE003E19FA /* Info.plist */,
			);
			path = CalendarexampleTests;
			sourceTree = "<group>";
		};
		75863D40255852AE003E19FA /* CalendarexampleUITests */ = {
			isa = PBXGroup;
			children = (
				75863D41255852AE003E19FA /* CalendarexampleUITests.swift */,
				75863D43255852AF003E19FA /* Info.plist */,
			);
			path = CalendarexampleUITests;
			sourceTree = "<group>";
		};
/* End PBXGroup section */

/* Begin PBXNativeTarget section */
		75863D1B255852AD003E19FA /* Calendarexample */ = {
			isa = PBXNativeTarget;
			buildConfigurationList = 75863D46255852AF003E19FA /* Build configuration list for PBXNativeTarget "Calendarexample" */;
			buildPhases = (
				75863D18255852AD003E19FA /* Sources */,
				75863D19255852AD003E19FA /* Frameworks */,
				75863D1A255852AD003E19FA /* Resources */,
			);
			buildRules = (
			);
			dependencies = (
			);
			name = Calendarexample;
			productName = Calendarexample;
			productReference = 75863D1C255852AD003E19FA /* Calendarexample.app */;
			productType = "com.apple.product-type.application";
		};
		75863D31255852AE003E19FA /* CalendarexampleTests */ = {
			isa = PBXNativeTarget;
			buildConfigurationList = 75863D49255852AF003E19FA /* Build configuration list for PBXNativeTarget "CalendarexampleTests" */;
			buildPhases = (
				75863D2E255852AE003E19FA /* Sources */,
				75863D2F255852AE003E19FA /* Frameworks */,
				75863D30255852AE003E19FA /* Resources */,
			);
			buildRules = (
			);
			dependencies = (
				75863D34255852AE003E19FA /* PBXTargetDependency */,
			);
			name = CalendarexampleTests;
			productName = CalendarexampleTests;
			productReference = 75863D32255852AE003E19FA /* CalendarexampleTests.xctest */;
			productType = "com.apple.product-type.bundle.unit-test";
		};
		75863D3C255852AE003E19FA /* CalendarexampleUITests */ = {
			isa = PBXNativeTarget;
			buildConfigurationList = 75863D4C255852AF003E19FA /* Build configuration list for PBXNativeTarget "CalendarexampleUITests" */;
			buildPhases = (
				75863D39255852AE003E19FA /* Sources */,
				75863D3A255852AE003E19FA /* Frameworks */,
				75863D3B255852AE003E19FA /* Resources */,
			);
			buildRules = (
			);
			dependencies = (
				75863D3F255852AE003E19FA /* PBXTargetDependency */,
			);
			name = CalendarexampleUITests;
			productName = CalendarexampleUITests;
			productReference = 75863D3D255852AE003E19FA /* CalendarexampleUITests.xctest */;
			productType = "com.apple.product-type.bundle.ui-testing";
		};
/* End PBXNativeTarget section */

/* Begin PBXProject section */
		75863D14255852AD003E19FA /* Project object */ = {
			isa = PBXProject;
			attributes = {
				LastSwiftUpdateCheck = 1200;
				LastUpgradeCheck = 1200;
				TargetAttributes = {
					75863D1B255852AD003E19FA = {
						CreatedOnToolsVersion = 12.0.1;
					};
					75863D31255852AE003E19FA = {
						CreatedOnToolsVersion = 12.0.1;
						TestTargetID = 75863D1B255852AD003E19FA;
					};
					75863D3C255852AE003E19FA = {
						CreatedOnToolsVersion = 12.0.1;
						TestTargetID = 75863D1B255852AD003E19FA;
					};
				};
			};
			buildConfigurationList = 75863D17255852AD003E19FA /* Build configuration list for PBXProject "Calendarexample" */;
			compatibilityVersion = "Xcode 9.3";
			developmentRegion = en;
			hasScannedForEncodings = 0;
			knownRegions = (
				en,
				Base,
			);
			mainGroup = 75863D13255852AD003E19FA;
			productRefGroup = 75863D1D255852AD003E19FA /* Products */;
			projectDirPath = "";
			projectRoot = "";
			targets = (
				75863D1B255852AD003E19FA /* Calendarexample */,
				75863D31255852AE003E19FA /* CalendarexampleTests */,
				75863D3C255852AE003E19FA /* CalendarexampleUITests */,
			);
		};
/* End PBXProject section */

/* Begin PBXResourcesBuildPhase section */
		75863D1A255852AD003E19FA /* Resources */ = {
			isa = PBXResourcesBuildPhase;
			buildActionMask = 2147483647;
			files = (
				75863D2C255852AE003E19FA /* LaunchScreen.storyboard in Resources */,
				75863D29255852AE003E19FA /* Assets.xcassets in Resources */,
				75863D27255852AD003E19FA /* Main.storyboard in Resources */,
			);
			runOnlyForDeploymentPostprocessing = 0;
		};
		75863D30255852AE003E19FA /* Resources */ = {
			isa = PBXResourcesBuildPhase;
			buildActionMask = 2147483647;
			files = (
			);
			runOnlyForDeploymentPostprocessing = 0;
		};
		75863D3B255852AE003E19FA /* Resources */ = {
			isa = PBXResourcesBuildPhase;
			buildActionMask = 2147483647;
			files = (
			);
			runOnlyForDeploymentPostprocessing = 0;
		};
/* End PBXResourcesBuildPhase section */

/* Begin PBXSourcesBuildPhase section */
		75863D18255852AD003E19FA /* Sources */ = {
			isa = PBXSourcesBuildPhase;
			buildActionMask = 2147483647;
			files = (
				75863D24255852AD003E19FA /* ViewController.swift in Sources */,
				75863D20255852AD003E19FA /* AppDelegate.swift in Sources */,
				75863D22255852AD003E19FA /* SceneDelegate.swift in Sources */,
			);
			runOnlyForDeploymentPostprocessing = 0;
		};
		75863D2E255852AE003E19FA /* Sources */ = {
			isa = PBXSourcesBuildPhase;
			buildActionMask = 2147483647;
			files = (
				75863D37255852AE003E19FA /* CalendarexampleTests.swift in Sources */,
			);
			runOnlyForDeploymentPostprocessing = 0;
		};
		75863D39255852AE003E19FA /* Sources */ = {
			isa = PBXSourcesBuildPhase;
			buildActionMask = 2147483647;
			files = (
				75863D42255852AE003E19FA /* CalendarexampleUITests.swift in Sources */,
			);
			runOnlyForDeploymentPostprocessing = 0;
		};
/* End PBXSourcesBuildPhase section */

/* Begin PBXTargetDependency section */
		75863D34255852AE003E19FA /* PBXTargetDependency */ = {
			isa = PBXTargetDependency;
			target = 75863D1B255852AD003E19FA /* Calendarexample */;
			targetProxy = 75863D33255852AE003E19FA /* PBXContainerItemProxy */;
		};
		75863D3F255852AE003E19FA /* PBXTargetDependency */ = {
			isa = PBXTargetDependency;
			target = 75863D1B255852AD003E19FA /* Calendarexample */;
			targetProxy = 75863D3E255852AE003E19FA /* PBXContainerItemProxy */;
		};
/* End PBXTargetDependency section */

/* Begin PBXVariantGroup section */
		75863D25255852AD003E19FA /* Main.storyboard */ = {
			isa = PBXVariantGroup;
			children = (
				75863D26255852AD003E19FA /* Base */,
			);
			name = Main.storyboard;
			sourceTree = "<group>";
		};
		75863D2A255852AE003E19FA /* LaunchScreen.storyboard */ = {
			isa = PBXVariantGroup;
			children = (
				75863D2B255852AE003E19FA /* Base */,
			);
			name = LaunchScreen.storyboard;
			sourceTree = "<group>";
		};
/* End PBXVariantGroup section */

/* Begin XCBuildConfiguration section */
		75863D44255852AF003E19FA /* Debug */ = {
			isa = XCBuildConfiguration;
			buildSettings = {
				ALWAYS_SEARCH_USER_PATHS = NO;
				CLANG_ANALYZER_NONNULL = YES;
				CLANG_ANALYZER_NUMBER_OBJECT_CONVERSION = YES_AGGRESSIVE;
				CLANG_CXX_LANGUAGE_STANDARD = "gnu++14";
				CLANG_CXX_LIBRARY = "libc++";
				CLANG_ENABLE_MODULES = YES;
				CLANG_ENABLE_OBJC_ARC = YES;
				CLANG_ENABLE_OBJC_WEAK = YES;
				CLANG_WARN_BLOCK_CAPTURE_AUTORELEASING = YES;
				CLANG_WARN_BOOL_CONVERSION = YES;
				CLANG_WARN_COMMA = YES;
				CLANG_WARN_CONSTANT_CONVERSION = YES;
				CLANG_WARN_DEPRECATED_OBJC_IMPLEMENTATIONS = YES;
				CLANG_WARN_DIRECT_OBJC_ISA_USAGE = YES_ERROR;
				CLANG_WARN_DOCUMENTATION_COMMENTS = YES;
				CLANG_WARN_EMPTY_BODY = YES;
				CLANG_WARN_ENUM_CONVERSION = YES;
				CLANG_WARN_INFINITE_RECURSION = YES;
				CLANG_WARN_INT_CONVERSION = YES;
				CLANG_WARN_NON_LITERAL_NULL_CONVERSION = YES;
				CLANG_WARN_OBJC_IMPLICIT_RETAIN_SELF = YES;
				CLANG_WARN_OBJC_LITERAL_CONVERSION = YES;
				CLANG_WARN_OBJC_ROOT_CLASS = YES_ERROR;
				CLANG_WARN_QUOTED_INCLUDE_IN_FRAMEWORK_HEADER = YES;
				CLANG_WARN_RANGE_LOOP_ANALYSIS = YES;
				CLANG_WARN_STRICT_PROTOTYPES = YES;
				CLANG_WARN_SUSPICIOUS_MOVE = YES;
				CLANG_WARN_UNGUARDED_AVAILABILITY = YES_AGGRESSIVE;
				CLANG_WARN_UNREACHABLE_CODE = YES;
				CLANG_WARN__DUPLICATE_METHOD_MATCH = YES;
				COPY_PHASE_STRIP = NO;
				DEBUG_INFORMATION_FORMAT = dwarf;
				ENABLE_STRICT_OBJC_MSGSEND = YES;
				ENABLE_TESTABILITY = YES;
				GCC_C_LANGUAGE_STANDARD = gnu11;
				GCC_DYNAMIC_NO_PIC = NO;
				GCC_NO_COMMON_BLOCKS = YES;
				GCC_OPTIMIZATION_LEVEL = 0;
				GCC_PREPROCESSOR_DEFINITIONS = (
					"DEBUG=1",
					"$(inherited)",
				);
				GCC_WARN_64_TO_32_BIT_CONVERSION = YES;
				GCC_WARN_ABOUT_RETURN_TYPE = YES_ERROR;
				GCC_WARN_UNDECLARED_SELECTOR = YES;
				GCC_WARN_UNINITIALIZED_AUTOS = YES_AGGRESSIVE;
				GCC_WARN_UNUSED_FUNCTION = YES;
				GCC_WARN_UNUSED_VARIABLE = YES;
				IPHONEOS_DEPLOYMENT_TARGET = 14.0;
				MTL_ENABLE_DEBUG_INFO = INCLUDE_SOURCE;
				MTL_FAST_MATH = YES;
				ONLY_ACTIVE_ARCH = YES;
				SDKROOT = iphoneos;
				SWIFT_ACTIVE_COMPILATION_CONDITIONS = DEBUG;
				SWIFT_OPTIMIZATION_LEVEL = "-Onone";
			};
			name = Debug;
		};
		75863D45255852AF003E19FA /* Release */ = {
			isa = XCBuildConfiguration;
			buildSettings = {
				ALWAYS_SEARCH_USER_PATHS = NO;
				CLANG_ANALYZER_NONNULL = YES;
				CLANG_ANALYZER_NUMBER_OBJECT_CONVERSION = YES_AGGRESSIVE;
				CLANG_CXX_LANGUAGE_STANDARD = "gnu++14";
				CLANG_CXX_LIBRARY = "libc++";
				CLANG_ENABLE_MODULES = YES;
				CLANG_ENABLE_OBJC_ARC = YES;
				CLANG_ENABLE_OBJC_WEAK = YES;
				CLANG_WARN_BLOCK_CAPTURE_AUTORELEASING = YES;
				CLANG_WARN_BOOL_CONVERSION = YES;
				CLANG_WARN_COMMA = YES;
				CLANG_WARN_CONSTANT_CONVERSION = YES;
				CLANG_WARN_DEPRECATED_OBJC_IMPLEMENTATIONS = YES;
				CLANG_WARN_DIRECT_OBJC_ISA_USAGE = YES_ERROR;
				CLANG_WARN_DOCUMENTATION_COMMENTS = YES;
				CLANG_WARN_EMPTY_BODY = YES;
				CLANG_WARN_ENUM_CONVERSION = YES;
				CLANG_WARN_INFINITE_RECURSION = YES;
				CLANG_WARN_INT_CONVERSION = YES;
				CLANG_WARN_NON_LITERAL_NULL_CONVERSION = YES;
				CLANG_WARN_OBJC_IMPLICIT_RETAIN_SELF = YES;
				CLANG_WARN_OBJC_LITERAL_CONVERSION = YES;
				CLANG_WARN_OBJC_ROOT_CLASS = YES_ERROR;
				CLANG_WARN_QUOTED_INCLUDE_IN_FRAMEWORK_HEADER = YES;
				CLANG_WARN_RANGE_LOOP_ANALYSIS = YES;
				CLANG_WARN_STRICT_PROTOTYPES = YES;
				CLANG_WARN_SUSPICIOUS_MOVE = YES;
				CLANG_WARN_UNGUARDED_AVAILABILITY = YES_AGGRESSIVE;
				CLANG_WARN_UNREACHABLE_CODE = YES;
				CLANG_WARN__DUPLICATE_METHOD_MATCH = YES;
				COPY_PHASE_STRIP = NO;
				DEBUG_INFORMATION_FORMAT = "dwarf-with-dsym";
				ENABLE_NS_ASSERTIONS = NO;
				ENABLE_STRICT_OBJC_MSGSEND = YES;
				GCC_C_LANGUAGE_STANDARD = gnu11;
				GCC_NO_COMMON_BLOCKS = YES;
				GCC_WARN_64_TO_32_BIT_CONVERSION = YES;
				GCC_WARN_ABOUT_RETURN_TYPE = YES_ERROR;
				GCC_WARN_UNDECLARED_SELECTOR = YES;
				GCC_WARN_UNINITIALIZED_AUTOS = YES_AGGRESSIVE;
				GCC_WARN_UNUSED_FUNCTION = YES;
				GCC_WARN_UNUSED_VARIABLE = YES;
				IPHONEOS_DEPLOYMENT_TARGET = 14.0;
				MTL_ENABLE_DEBUG_INFO = NO;
				MTL_FAST_MATH = YES;
				SDKROOT = iphoneos;
				SWIFT_COMPILATION_MODE = wholemodule;
				SWIFT_OPTIMIZATION_LEVEL = "-O";
				VALIDATE_PRODUCT = YES;
			};
			name = Release;
		};
		75863D47255852AF003E19FA /* Debug */ = {
			isa = XCBuildConfiguration;
			buildSettings = {
				ASSETCATALOG_COMPILER_APPICON_NAME = AppIcon;
				ASSETCATALOG_COMPILER_GLOBAL_ACCENT_COLOR_NAME = AccentColor;
				CODE_SIGN_STYLE = Automatic;
				INFOPLIST_FILE = Calendarexample/Info.plist;
				LD_RUNPATH_SEARCH_PATHS = (
					"$(inherited)",
					"@executable_path/Frameworks",
				);
				PRODUCT_BUNDLE_IDENTIFIER = "com.-Calendarexample.Calendarexample";
				PRODUCT_NAME = "$(TARGET_NAME)";
				SWIFT_VERSION = 5.0;
				TARGETED_DEVICE_FAMILY = "1,2";
			};
			name = Debug;
		};
		75863D48255852AF003E19FA /* Release */ = {
			isa = XCBuildConfiguration;
			buildSettings = {
				ASSETCATALOG_COMPILER_APPICON_NAME = AppIcon;
				ASSETCATALOG_COMPILER_GLOBAL_ACCENT_COLOR_NAME = AccentColor;
				CODE_SIGN_STYLE = Automatic;
				INFOPLIST_FILE = Calendarexample/Info.plist;
				LD_RUNPATH_SEARCH_PATHS = (
					"$(inherited)",
					"@executable_path/Frameworks",
				);
				PRODUCT_BUNDLE_IDENTIFIER = "com.-Calendarexample.Calendarexample";
				PRODUCT_NAME = "$(TARGET_NAME)";
				SWIFT_VERSION = 5.0;
				TARGETED_DEVICE_FAMILY = "1,2";
			};
			name = Release;
		};
		75863D4A255852AF003E19FA /* Debug */ = {
			isa = XCBuildConfiguration;
			buildSettings = {
				ALWAYS_EMBED_SWIFT_STANDARD_LIBRARIES = YES;
				BUNDLE_LOADER = "$(TEST_HOST)";
				CODE_SIGN_STYLE = Automatic;
				INFOPLIST_FILE = CalendarexampleTests/Info.plist;
				IPHONEOS_DEPLOYMENT_TARGET = 14.0;
				LD_RUNPATH_SEARCH_PATHS = (
					"$(inherited)",
					"@executable_path/Frameworks",
					"@loader_path/Frameworks",
				);
				PRODUCT_BUNDLE_IDENTIFIER = "com.-Calendarexample.CalendarexampleTests";
				PRODUCT_NAME = "$(TARGET_NAME)";
				SWIFT_VERSION = 5.0;
				TARGETED_DEVICE_FAMILY = "1,2";
				TEST_HOST = "$(BUILT_PRODUCTS_DIR)/Calendarexample.app/Calendarexample";
			};
			name = Debug;
		};
		75863D4B255852AF003E19FA /* Release */ = {
			isa = XCBuildConfiguration;
			buildSettings = {
				ALWAYS_EMBED_SWIFT_STANDARD_LIBRARIES = YES;
				BUNDLE_LOADER = "$(TEST_HOST)";
				CODE_SIGN_STYLE = Automatic;
				INFOPLIST_FILE = CalendarexampleTests/Info.plist;
				IPHONEOS_DEPLOYMENT_TARGET = 14.0;
				LD_RUNPATH_SEARCH_PATHS = (
					"$(inherited)",
					"@executable_path/Frameworks",
					"@loader_path/Frameworks",
				);
				PRODUCT_BUNDLE_IDENTIFIER = "com.-Calendarexample.CalendarexampleTests";
				PRODUCT_NAME = "$(TARGET_NAME)";
				SWIFT_VERSION = 5.0;
				TARGETED_DEVICE_FAMILY = "1,2";
				TEST_HOST = "$(BUILT_PRODUCTS_DIR)/Calendarexample.app/Calendarexample";
			};
			name = Release;
		};
		75863D4D255852AF003E19FA /* Debug */ = {
			isa = XCBuildConfiguration;
			buildSettings = {
				ALWAYS_EMBED_SWIFT_STANDARD_LIBRARIES = YES;
				CODE_SIGN_STYLE = Automatic;
				INFOPLIST_FILE = CalendarexampleUITests/Info.plist;
				LD_RUNPATH_SEARCH_PATHS = (
					"$(inherited)",
					"@executable_path/Frameworks",
					"@loader_path/Frameworks",
				);
				PRODUCT_BUNDLE_IDENTIFIER = "com.-Calendarexample.CalendarexampleUITests";
				PRODUCT_NAME = "$(TARGET_NAME)";
				SWIFT_VERSION = 5.0;
				TARGETED_DEVICE_FAMILY = "1,2";
				TEST_TARGET_NAME = Calendarexample;
			};
			name = Debug;
		};
		75863D4E255852AF003E19FA /* Release */ = {
			isa = XCBuildConfiguration;
			buildSettings = {
				ALWAYS_EMBED_SWIFT_STANDARD_LIBRARIES = YES;
				CODE_SIGN_STYLE = Automatic;
				INFOPLIST_FILE = CalendarexampleUITests/Info.plist;
				LD_RUNPATH_SEARCH_PATHS = (
					"$(inherited)",
					"@executable_path/Frameworks",
					"@loader_path/Frameworks",
				);
				PRODUCT_BUNDLE_IDENTIFIER = "com.-Calendarexample.CalendarexampleUITests";
				PRODUCT_NAME = "$(TARGET_NAME)";
				SWIFT_VERSION = 5.0;
				TARGETED_DEVICE_FAMILY = "1,2";
				TEST_TARGET_NAME = Calendarexample;
			};
			name = Release;
		};
/* End XCBuildConfiguration section */

/* Begin XCConfigurationList section */
		75863D17255852AD003E19FA /* Build configuration list for PBXProject "Calendarexample" */ = {
			isa = XCConfigurationList;
			buildConfigurations = (
				75863D44255852AF003E19FA /* Debug */,
				75863D45255852AF003E19FA /* Release */,
			);
			defaultConfigurationIsVisible = 0;
			defaultConfigurationName = Release;
		};
		75863D46255852AF003E19FA /* Build configuration list for PBXNativeTarget "Calendarexample" */ = {
			isa = XCConfigurationList;
			buildConfigurations = (
				75863D47255852AF003E19FA /* Debug */,
				75863D48255852AF003E19FA /* Release */,
			);
			defaultConfigurationIsVisible = 0;
			defaultConfigurationName = Release;
		};
		75863D49255852AF003E19FA /* Build configuration list for PBXNativeTarget "CalendarexampleTests" */ = {
			isa = XCConfigurationList;
			buildConfigurations = (
				75863D4A255852AF003E19FA /* Debug */,
				75863D4B255852AF003E19FA /* Release */,
			);
			defaultConfigurationIsVisible = 0;
			defaultConfigurationName = Release;
		};
		75863D4C255852AF003E19FA /* Build configuration list for PBXNativeTarget "CalendarexampleUITests" */ = {
			isa = XCConfigurationList;
			buildConfigurations = (
				75863D4D255852AF003E19FA /* Debug */,
				75863D4E255852AF003E19FA /* Release */,
			);
			defaultConfigurationIsVisible = 0;
			defaultConfigurationName = Release;
		};
/* End XCConfigurationList section */
	};
	rootObject = 75863D14255852AD003E19FA /* Project object */;
}
